
Microsoft Visual Studio Solution File, Format Version 12.00
# Visual Studio Version 16
VisualStudioVersion = 16.0.31624.102
MinimumVisualStudioVersion = 10.0.40219.1
Project("{8BC9CEB8-8B4A-11D0-8D11-00A0C91BC942}") = "BlackBoard", "BlackBoard\BlackBoard.vcxproj", "{C49BF034-59A9-4CDD-8583-7812F2022334}"
EndProject
Global
	GlobalSection(SolutionConfigurationPlatforms) = preSolution
		Debug|x64 = Debug|x64
		Debug|x86 = Debug|x86
		Release|x64 = Release|x64
		Release|x86 = Release|x86
	EndGlobalSection
	GlobalSection(ProjectConfigurationPlatforms) = postSolution
		{C49BF034-59A9-4CDD-8583-7812F2022334}.Debug|x64.ActiveCfg = Debug|x64
		{C49BF034-59A9-4CDD-8583-7812F2022334}.Debug|x64.Build.0 = Debug|x64
		{C49BF034-59A9-4CDD-8583-7812F2022334}.Debug|x86.ActiveCfg = Debug|Win32
		{C49BF034-59A9-4CDD-8583-7812F2022334}.Debug|x86.Build.0 = Debug|Win32
		{C49BF034-59A9-4CDD-8583-7812F2022334}.Release|x64.ActiveCfg = Release|x64
		{C49BF034-59A9-4CDD-8583-7812F2022334}.Release|x64.Build.0 = Release|x64
		{C49BF034-59A9-4CDD-8583-7812F2022334}.Release|x86.ActiveCfg = Release|Win32
		{C49BF034-59A9-4CDD-8583-7812F2022334}.Release|x86.Build.0 = Release|Win32
	EndGlobalSection
	GlobalSection(SolutionProperties) = preSolution
		HideSolutionNode = FALSE
	EndGlobalSection
	GlobalSection(ExtensibilityGlobals) = postSolution
		SolutionGuid = {9BEAD50F-C123-4429-B6F2-D03447C41188}
	EndGlobalSection
EndGlobal
