
Microsoft Visual Studio Solution File, Format Version 12.00
# Visual Studio Version 16
VisualStudioVersion = 16.0.33214.272
MinimumVisualStudioVersion = 10.0.40219.1
Project("{8BC9CEB8-8B4A-11D0-8D11-00A0C91BC942}") = "DataType", "DataType\DataType.vcxproj", "{30CFD3A2-029E-4C9B-AD7B-BED9D717EE09}"
EndProject
Global
	GlobalSection(SolutionConfigurationPlatforms) = preSolution
		Debug|x64 = Debug|x64
		Debug|x86 = Debug|x86
		Release|x64 = Release|x64
		Release|x86 = Release|x86
	EndGlobalSection
	GlobalSection(ProjectConfigurationPlatforms) = postSolution
		{30CFD3A2-029E-4C9B-AD7B-BED9D717EE09}.Debug|x64.ActiveCfg = Debug|x64
		{30CFD3A2-029E-4C9B-AD7B-BED9D717EE09}.Debug|x64.Build.0 = Debug|x64
		{30CFD3A2-029E-4C9B-AD7B-BED9D717EE09}.Debug|x86.ActiveCfg = Debug|Win32
		{30CFD3A2-029E-4C9B-AD7B-BED9D717EE09}.Debug|x86.Build.0 = Debug|Win32
		{30CFD3A2-029E-4C9B-AD7B-BED9D717EE09}.Release|x64.ActiveCfg = Release|x64
		{30CFD3A2-029E-4C9B-AD7B-BED9D717EE09}.Release|x64.Build.0 = Release|x64
		{30CFD3A2-029E-4C9B-AD7B-BED9D717EE09}.Release|x86.ActiveCfg = Release|Win32
		{30CFD3A2-029E-4C9B-AD7B-BED9D717EE09}.Release|x86.Build.0 = Release|Win32
	EndGlobalSection
	GlobalSection(SolutionProperties) = preSolution
		HideSolutionNode = FALSE
	EndGlobalSection
	GlobalSection(ExtensibilityGlobals) = postSolution
		SolutionGuid = {59DD8631-E61D-4B05-B201-657CC99DC679}
	EndGlobalSection
EndGlobal
