
Microsoft Visual Studio Solution File, Format Version 12.00
# Visual Studio Version 16
VisualStudioVersion = 16.0.31624.102
MinimumVisualStudioVersion = 10.0.40219.1
Project("{8BC9CEB8-8B4A-11D0-8D11-00A0C91BC942}") = "Class_Operator", "Class_Operator\Class_Operator.vcxproj", "{30E33DBB-3B92-485F-BCCF-9142EEB69026}"
EndProject
Project("{8BC9CEB8-8B4A-11D0-8D11-00A0C91BC942}") = "Singleton", "Singleton\Singleton.vcxproj", "{B7AD435B-5CF6-48AC-A3B5-B38E551B5DB0}"
EndProject
Global
	GlobalSection(SolutionConfigurationPlatforms) = preSolution
		Debug|x64 = Debug|x64
		Debug|x86 = Debug|x86
		Release|x64 = Release|x64
		Release|x86 = Release|x86
	EndGlobalSection
	GlobalSection(ProjectConfigurationPlatforms) = postSolution
		{30E33DBB-3B92-485F-BCCF-9142EEB69026}.Debug|x64.ActiveCfg = Debug|x64
		{30E33DBB-3B92-485F-BCCF-9142EEB69026}.Debug|x64.Build.0 = Debug|x64
		{30E33DBB-3B92-485F-BCCF-9142EEB69026}.Debug|x86.ActiveCfg = Debug|Win32
		{30E33DBB-3B92-485F-BCCF-9142EEB69026}.Debug|x86.Build.0 = Debug|Win32
		{30E33DBB-3B92-485F-BCCF-9142EEB69026}.Release|x64.ActiveCfg = Release|x64
		{30E33DBB-3B92-485F-BCCF-9142EEB69026}.Release|x64.Build.0 = Release|x64
		{30E33DBB-3B92-485F-BCCF-9142EEB69026}.Release|x86.ActiveCfg = Release|Win32
		{30E33DBB-3B92-485F-BCCF-9142EEB69026}.Release|x86.Build.0 = Release|Win32
		{B7AD435B-5CF6-48AC-A3B5-B38E551B5DB0}.Debug|x64.ActiveCfg = Debug|x64
		{B7AD435B-5CF6-48AC-A3B5-B38E551B5DB0}.Debug|x64.Build.0 = Debug|x64
		{B7AD435B-5CF6-48AC-A3B5-B38E551B5DB0}.Debug|x86.ActiveCfg = Debug|Win32
		{B7AD435B-5CF6-48AC-A3B5-B38E551B5DB0}.Debug|x86.Build.0 = Debug|Win32
		{B7AD435B-5CF6-48AC-A3B5-B38E551B5DB0}.Release|x64.ActiveCfg = Release|x64
		{B7AD435B-5CF6-48AC-A3B5-B38E551B5DB0}.Release|x64.Build.0 = Release|x64
		{B7AD435B-5CF6-48AC-A3B5-B38E551B5DB0}.Release|x86.ActiveCfg = Release|Win32
		{B7AD435B-5CF6-48AC-A3B5-B38E551B5DB0}.Release|x86.Build.0 = Release|Win32
	EndGlobalSection
	GlobalSection(SolutionProperties) = preSolution
		HideSolutionNode = FALSE
	EndGlobalSection
	GlobalSection(ExtensibilityGlobals) = postSolution
		SolutionGuid = {3301BAE7-7984-4093-9C68-9317533FEA0A}
	EndGlobalSection
EndGlobal
