
Microsoft Visual Studio Solution File, Format Version 12.00
# Visual Studio Version 16
VisualStudioVersion = 16.0.31624.102
MinimumVisualStudioVersion = 10.0.40219.1
Project("{8BC9CEB8-8B4A-11D0-8D11-00A0C91BC942}") = "Pointer_sjh", "Pointer_sjh\Pointer_sjh.vcxproj", "{5F15DA3B-84C9-4690-8C75-AD7CE68FE13F}"
EndProject
Project("{8BC9CEB8-8B4A-11D0-8D11-00A0C91BC942}") = "PointerOperation", "PointerOperation\PointerOperation.vcxproj", "{42BDF6F9-43BD-4619-8098-65C8EFE83CC9}"
EndProject
Global
	GlobalSection(SolutionConfigurationPlatforms) = preSolution
		Debug|x64 = Debug|x64
		Debug|x86 = Debug|x86
		Release|x64 = Release|x64
		Release|x86 = Release|x86
	EndGlobalSection
	GlobalSection(ProjectConfigurationPlatforms) = postSolution
		{5F15DA3B-84C9-4690-8C75-AD7CE68FE13F}.Debug|x64.ActiveCfg = Debug|x64
		{5F15DA3B-84C9-4690-8C75-AD7CE68FE13F}.Debug|x64.Build.0 = Debug|x64
		{5F15DA3B-84C9-4690-8C75-AD7CE68FE13F}.Debug|x86.ActiveCfg = Debug|Win32
		{5F15DA3B-84C9-4690-8C75-AD7CE68FE13F}.Debug|x86.Build.0 = Debug|Win32
		{5F15DA3B-84C9-4690-8C75-AD7CE68FE13F}.Release|x64.ActiveCfg = Release|x64
		{5F15DA3B-84C9-4690-8C75-AD7CE68FE13F}.Release|x64.Build.0 = Release|x64
		{5F15DA3B-84C9-4690-8C75-AD7CE68FE13F}.Release|x86.ActiveCfg = Release|Win32
		{5F15DA3B-84C9-4690-8C75-AD7CE68FE13F}.Release|x86.Build.0 = Release|Win32
		{42BDF6F9-43BD-4619-8098-65C8EFE83CC9}.Debug|x64.ActiveCfg = Debug|x64
		{42BDF6F9-43BD-4619-8098-65C8EFE83CC9}.Debug|x64.Build.0 = Debug|x64
		{42BDF6F9-43BD-4619-8098-65C8EFE83CC9}.Debug|x86.ActiveCfg = Debug|Win32
		{42BDF6F9-43BD-4619-8098-65C8EFE83CC9}.Debug|x86.Build.0 = Debug|Win32
		{42BDF6F9-43BD-4619-8098-65C8EFE83CC9}.Release|x64.ActiveCfg = Release|x64
		{42BDF6F9-43BD-4619-8098-65C8EFE83CC9}.Release|x64.Build.0 = Release|x64
		{42BDF6F9-43BD-4619-8098-65C8EFE83CC9}.Release|x86.ActiveCfg = Release|Win32
		{42BDF6F9-43BD-4619-8098-65C8EFE83CC9}.Release|x86.Build.0 = Release|Win32
	EndGlobalSection
	GlobalSection(SolutionProperties) = preSolution
		HideSolutionNode = FALSE
	EndGlobalSection
	GlobalSection(ExtensibilityGlobals) = postSolution
		SolutionGuid = {0421853C-A0DE-4225-B1F4-B8810EAEA442}
	EndGlobalSection
EndGlobal
