
Microsoft Visual Studio Solution File, Format Version 12.00
# Visual Studio Version 16
VisualStudioVersion = 16.0.31624.102
MinimumVisualStudioVersion = 10.0.40219.1
Project("{8BC9CEB8-8B4A-11D0-8D11-00A0C91BC942}") = "VectorContainer", "Container\Container.vcxproj", "{0FF34756-978D-4367-BDB2-EF64462C3A96}"
EndProject
Project("{8BC9CEB8-8B4A-11D0-8D11-00A0C91BC942}") = "ListContainer", "ListContainer\ListContainer.vcxproj", "{D5575857-459D-49B9-984C-7DA67FAD439A}"
EndProject
Project("{8BC9CEB8-8B4A-11D0-8D11-00A0C91BC942}") = "MyContainer", "MyContainer\MyContainer.vcxproj", "{5A13085C-9D53-4FB8-B6AA-D7D520DF7578}"
EndProject
Project("{8BC9CEB8-8B4A-11D0-8D11-00A0C91BC942}") = "VectorClass", "VectorClass\VectorClass.vcxproj", "{62281B4B-299B-4F90-9DA4-DF7C0FF6F979}"
EndProject
Project("{8BC9CEB8-8B4A-11D0-8D11-00A0C91BC942}") = "Algorithm", "Algoritm\Algoritm.vcxproj", "{8EB99C63-DCC9-418A-92E3-E50E02BC5219}"
EndProject
Global
	GlobalSection(SolutionConfigurationPlatforms) = preSolution
		Debug|x64 = Debug|x64
		Debug|x86 = Debug|x86
		Release|x64 = Release|x64
		Release|x86 = Release|x86
	EndGlobalSection
	GlobalSection(ProjectConfigurationPlatforms) = postSolution
		{0FF34756-978D-4367-BDB2-EF64462C3A96}.Debug|x64.ActiveCfg = Debug|x64
		{0FF34756-978D-4367-BDB2-EF64462C3A96}.Debug|x64.Build.0 = Debug|x64
		{0FF34756-978D-4367-BDB2-EF64462C3A96}.Debug|x86.ActiveCfg = Debug|Win32
		{0FF34756-978D-4367-BDB2-EF64462C3A96}.Debug|x86.Build.0 = Debug|Win32
		{0FF34756-978D-4367-BDB2-EF64462C3A96}.Release|x64.ActiveCfg = Release|x64
		{0FF34756-978D-4367-BDB2-EF64462C3A96}.Release|x64.Build.0 = Release|x64
		{0FF34756-978D-4367-BDB2-EF64462C3A96}.Release|x86.ActiveCfg = Release|Win32
		{0FF34756-978D-4367-BDB2-EF64462C3A96}.Release|x86.Build.0 = Release|Win32
		{D5575857-459D-49B9-984C-7DA67FAD439A}.Debug|x64.ActiveCfg = Debug|x64
		{D5575857-459D-49B9-984C-7DA67FAD439A}.Debug|x64.Build.0 = Debug|x64
		{D5575857-459D-49B9-984C-7DA67FAD439A}.Debug|x86.ActiveCfg = Debug|Win32
		{D5575857-459D-49B9-984C-7DA67FAD439A}.Debug|x86.Build.0 = Debug|Win32
		{D5575857-459D-49B9-984C-7DA67FAD439A}.Release|x64.ActiveCfg = Release|x64
		{D5575857-459D-49B9-984C-7DA67FAD439A}.Release|x64.Build.0 = Release|x64
		{D5575857-459D-49B9-984C-7DA67FAD439A}.Release|x86.ActiveCfg = Release|Win32
		{D5575857-459D-49B9-984C-7DA67FAD439A}.Release|x86.Build.0 = Release|Win32
		{5A13085C-9D53-4FB8-B6AA-D7D520DF7578}.Debug|x64.ActiveCfg = Debug|x64
		{5A13085C-9D53-4FB8-B6AA-D7D520DF7578}.Debug|x64.Build.0 = Debug|x64
		{5A13085C-9D53-4FB8-B6AA-D7D520DF7578}.Debug|x86.ActiveCfg = Debug|Win32
		{5A13085C-9D53-4FB8-B6AA-D7D520DF7578}.Debug|x86.Build.0 = Debug|Win32
		{5A13085C-9D53-4FB8-B6AA-D7D520DF7578}.Release|x64.ActiveCfg = Release|x64
		{5A13085C-9D53-4FB8-B6AA-D7D520DF7578}.Release|x64.Build.0 = Release|x64
		{5A13085C-9D53-4FB8-B6AA-D7D520DF7578}.Release|x86.ActiveCfg = Release|Win32
		{5A13085C-9D53-4FB8-B6AA-D7D520DF7578}.Release|x86.Build.0 = Release|Win32
		{62281B4B-299B-4F90-9DA4-DF7C0FF6F979}.Debug|x64.ActiveCfg = Debug|x64
		{62281B4B-299B-4F90-9DA4-DF7C0FF6F979}.Debug|x64.Build.0 = Debug|x64
		{62281B4B-299B-4F90-9DA4-DF7C0FF6F979}.Debug|x86.ActiveCfg = Debug|Win32
		{62281B4B-299B-4F90-9DA4-DF7C0FF6F979}.Debug|x86.Build.0 = Debug|Win32
		{62281B4B-299B-4F90-9DA4-DF7C0FF6F979}.Release|x64.ActiveCfg = Release|x64
		{62281B4B-299B-4F90-9DA4-DF7C0FF6F979}.Release|x64.Build.0 = Release|x64
		{62281B4B-299B-4F90-9DA4-DF7C0FF6F979}.Release|x86.ActiveCfg = Release|Win32
		{62281B4B-299B-4F90-9DA4-DF7C0FF6F979}.Release|x86.Build.0 = Release|Win32
		{8EB99C63-DCC9-418A-92E3-E50E02BC5219}.Debug|x64.ActiveCfg = Debug|x64
		{8EB99C63-DCC9-418A-92E3-E50E02BC5219}.Debug|x64.Build.0 = Debug|x64
		{8EB99C63-DCC9-418A-92E3-E50E02BC5219}.Debug|x86.ActiveCfg = Debug|Win32
		{8EB99C63-DCC9-418A-92E3-E50E02BC5219}.Debug|x86.Build.0 = Debug|Win32
		{8EB99C63-DCC9-418A-92E3-E50E02BC5219}.Release|x64.ActiveCfg = Release|x64
		{8EB99C63-DCC9-418A-92E3-E50E02BC5219}.Release|x64.Build.0 = Release|x64
		{8EB99C63-DCC9-418A-92E3-E50E02BC5219}.Release|x86.ActiveCfg = Release|Win32
		{8EB99C63-DCC9-418A-92E3-E50E02BC5219}.Release|x86.Build.0 = Release|Win32
	EndGlobalSection
	GlobalSection(SolutionProperties) = preSolution
		HideSolutionNode = FALSE
	EndGlobalSection
	GlobalSection(ExtensibilityGlobals) = postSolution
		SolutionGuid = {EE0A7AC5-88C2-4268-9B5D-C6FAF7A0DE0E}
	EndGlobalSection
EndGlobal
