
Microsoft Visual Studio Solution File, Format Version 12.00
# Visual Studio Version 16
VisualStudioVersion = 16.0.33214.272
MinimumVisualStudioVersion = 10.0.40219.1
Project("{8BC9CEB8-8B4A-11D0-8D11-00A0C91BC942}") = "BattleArray", "BattleArray\BattleArray.vcxproj", "{ED2E8696-08B9-4DD6-9644-4B028852989E}"
EndProject
Global
	GlobalSection(SolutionConfigurationPlatforms) = preSolution
		Debug|x64 = Debug|x64
		Debug|x86 = Debug|x86
		Release|x64 = Release|x64
		Release|x86 = Release|x86
	EndGlobalSection
	GlobalSection(ProjectConfigurationPlatforms) = postSolution
		{ED2E8696-08B9-4DD6-9644-4B028852989E}.Debug|x64.ActiveCfg = Debug|x64
		{ED2E8696-08B9-4DD6-9644-4B028852989E}.Debug|x64.Build.0 = Debug|x64
		{ED2E8696-08B9-4DD6-9644-4B028852989E}.Debug|x86.ActiveCfg = Debug|Win32
		{ED2E8696-08B9-4DD6-9644-4B028852989E}.Debug|x86.Build.0 = Debug|Win32
		{ED2E8696-08B9-4DD6-9644-4B028852989E}.Release|x64.ActiveCfg = Release|x64
		{ED2E8696-08B9-4DD6-9644-4B028852989E}.Release|x64.Build.0 = Release|x64
		{ED2E8696-08B9-4DD6-9644-4B028852989E}.Release|x86.ActiveCfg = Release|Win32
		{ED2E8696-08B9-4DD6-9644-4B028852989E}.Release|x86.Build.0 = Release|Win32
	EndGlobalSection
	GlobalSection(SolutionProperties) = preSolution
		HideSolutionNode = FALSE
	EndGlobalSection
	GlobalSection(ExtensibilityGlobals) = postSolution
		SolutionGuid = {FA91A55B-3375-443B-B0E7-12D02514E6D9}
	EndGlobalSection
EndGlobal
